
Microsoft Visual Studio Solution File, Format Version 12.00
# Visual Studio Version 16
VisualStudioVersion = 16.0.31727.386
MinimumVisualStudioVersion = 10.0.40219.1
Project("{FAE04EC0-301F-11D3-BF4B-00C04F79EFBC}") = "CA3", "CA3.csproj", "{7AFED612-00EE-4A0D-97BB-9F6812F3E9F7}"
EndProject
Global
	GlobalSection(SolutionConfigurationPlatforms) = preSolution
		Debug|Any CPU = Debug|Any CPU
		Release|Any CPU = Release|Any CPU
	EndGlobalSection
	GlobalSection(ProjectConfigurationPlatforms) = postSolution
		{7AFED612-00EE-4A0D-97BB-9F6812F3E9F7}.Debug|Any CPU.ActiveCfg = Debug|Any CPU
		{7AFED612-00EE-4A0D-97BB-9F6812F3E9F7}.Debug|Any CPU.Build.0 = Debug|Any CPU
		{7AFED612-00EE-4A0D-97BB-9F6812F3E9F7}.Release|Any CPU.ActiveCfg = Release|Any CPU
		{7AFED612-00EE-4A0D-97BB-9F6812F3E9F7}.Release|Any CPU.Build.0 = Release|Any CPU
	EndGlobalSection
	GlobalSection(SolutionProperties) = preSolution
		HideSolutionNode = FALSE
	EndGlobalSection
	GlobalSection(ExtensibilityGlobals) = postSolution
		SolutionGuid = {D9E3F14A-75C5-418F-9CBD-EA983EBB8F9D}
	EndGlobalSection
EndGlobal
